
Microsoft Visual Studio Solution File, Format Version 12.00
# Visual Studio Version 17
VisualStudioVersion = 17.5.002.0
MinimumVisualStudioVersion = 10.0.40219.1
Project("{9A19103F-16F7-4668-BE54-9A1E7A4F7556}") = "tl1-tp7-2024-Balaturdar", "tl1-tp7-2024-Balaturdar.csproj", "{C0B350ED-ADB9-4C33-A61B-A445B2E75D38}"
EndProject
Global
	GlobalSection(SolutionConfigurationPlatforms) = preSolution
		Debug|Any CPU = Debug|Any CPU
		Release|Any CPU = Release|Any CPU
	EndGlobalSection
	GlobalSection(ProjectConfigurationPlatforms) = postSolution
		{C0B350ED-ADB9-4C33-A61B-A445B2E75D38}.Debug|Any CPU.ActiveCfg = Debug|Any CPU
		{C0B350ED-ADB9-4C33-A61B-A445B2E75D38}.Debug|Any CPU.Build.0 = Debug|Any CPU
		{C0B350ED-ADB9-4C33-A61B-A445B2E75D38}.Release|Any CPU.ActiveCfg = Release|Any CPU
		{C0B350ED-ADB9-4C33-A61B-A445B2E75D38}.Release|Any CPU.Build.0 = Release|Any CPU
	EndGlobalSection
	GlobalSection(SolutionProperties) = preSolution
		HideSolutionNode = FALSE
	EndGlobalSection
	GlobalSection(ExtensibilityGlobals) = postSolution
		SolutionGuid = {51AAB6CB-84BF-4DFF-8B70-824D604397CF}
	EndGlobalSection
EndGlobal
